// !$*UTF8*$!
{
	archiveVersion = 1;
	classes = {
	};
	objectVersion = 42;
	objects = {

/* Begin PBXBuildFile section */
		7F1DB1DF0E80430100CF6336 /* videoCamera.cpp in Sources */ = {isa = PBXBuildFile; fileRef = 7F1DB1DE0E80430100CF6336 /* videoCamera.cpp */; };
		7F1DB2C80E80608C00CF6336 /* coordWarping.cpp in Sources */ = {isa = PBXBuildFile; fileRef = 7F1DB2C60E80608B00CF6336 /* coordWarping.cpp */; };
		7F4F735E0E82A62200B8EEF4 /* imageStore.cpp in Sources */ = {isa = PBXBuildFile; fileRef = 7F4F735D0E82A62200B8EEF4 /* imageStore.cpp */; };
		7F4F74830E82E94E00B8EEF4 /* gPhotoCam.cpp in Sources */ = {isa = PBXBuildFile; fileRef = 7F4F74820E82E94E00B8EEF4 /* gPhotoCam.cpp */; };
		DD76CF760E8117150070720F /* ofxThread.cpp in Sources */ = {isa = PBXBuildFile; fileRef = DD76CF700E8117150070720F /* ofxThread.cpp */; };
		DD81A5040E60195C006963E2 /* grid.cpp in Sources */ = {isa = PBXBuildFile; fileRef = DD81A5030E60195C006963E2 /* grid.cpp */; };
		DDA3EFA90E6F133900A1B55C /* ofxGui.cpp in Sources */ = {isa = PBXBuildFile; fileRef = DDA3EF8A0E6F133900A1B55C /* ofxGui.cpp */; };
		DDA3EFAA0E6F133900A1B55C /* ofxGuiButton.cpp in Sources */ = {isa = PBXBuildFile; fileRef = DDA3EF8C0E6F133900A1B55C /* ofxGuiButton.cpp */; };
		DDA3EFAB0E6F133900A1B55C /* ofxGuiColor.cpp in Sources */ = {isa = PBXBuildFile; fileRef = DDA3EF8E0E6F133900A1B55C /* ofxGuiColor.cpp */; };
		DDA3EFAC0E6F133900A1B55C /* ofxGuiFiles.cpp in Sources */ = {isa = PBXBuildFile; fileRef = DDA3EF900E6F133900A1B55C /* ofxGuiFiles.cpp */; };
		DDA3EFAD0E6F133900A1B55C /* ofxGuiGlobals.cpp in Sources */ = {isa = PBXBuildFile; fileRef = DDA3EF920E6F133900A1B55C /* ofxGuiGlobals.cpp */; };
		DDA3EFAE0E6F133900A1B55C /* ofxGuiKnob.cpp in Sources */ = {isa = PBXBuildFile; fileRef = DDA3EF940E6F133900A1B55C /* ofxGuiKnob.cpp */; };
		DDA3EFAF0E6F133900A1B55C /* ofxGuiMatrix.cpp in Sources */ = {isa = PBXBuildFile; fileRef = DDA3EF960E6F133900A1B55C /* ofxGuiMatrix.cpp */; };
		DDA3EFB00E6F133900A1B55C /* ofxGuiObject.cpp in Sources */ = {isa = PBXBuildFile; fileRef = DDA3EF980E6F133900A1B55C /* ofxGuiObject.cpp */; };
		DDA3EFB10E6F133900A1B55C /* ofxGuiPanel.cpp in Sources */ = {isa = PBXBuildFile; fileRef = DDA3EF9A0E6F133900A1B55C /* ofxGuiPanel.cpp */; };
		DDA3EFB20E6F133900A1B55C /* ofxGuiPoints.cpp in Sources */ = {isa = PBXBuildFile; fileRef = DDA3EF9C0E6F133900A1B55C /* ofxGuiPoints.cpp */; };
		DDA3EFB30E6F133900A1B55C /* ofxGuiRadar.cpp in Sources */ = {isa = PBXBuildFile; fileRef = DDA3EF9E0E6F133900A1B55C /* ofxGuiRadar.cpp */; };
		DDA3EFB40E6F133900A1B55C /* ofxGuiScope.cpp in Sources */ = {isa = PBXBuildFile; fileRef = DDA3EFA00E6F133900A1B55C /* ofxGuiScope.cpp */; };
		DDA3EFB50E6F133900A1B55C /* ofxGuiSlider.cpp in Sources */ = {isa = PBXBuildFile; fileRef = DDA3EFA20E6F133900A1B55C /* ofxGuiSlider.cpp */; };
		DDA3EFB60E6F133900A1B55C /* ofxGuiSwitch.cpp in Sources */ = {isa = PBXBuildFile; fileRef = DDA3EFA40E6F133900A1B55C /* ofxGuiSwitch.cpp */; };
		DDA3EFB70E6F133900A1B55C /* ofxGuiXyPad.cpp in Sources */ = {isa = PBXBuildFile; fileRef = DDA3EFA70E6F133900A1B55C /* ofxGuiXyPad.cpp */; };
		DDA3EFD70E6F139900A1B55C /* ofxDirList.cpp in Sources */ = {isa = PBXBuildFile; fileRef = DDA3EFD10E6F139900A1B55C /* ofxDirList.cpp */; };
		DDA6478C0E79BB3C00ED6FC2 /* ofxGuiValue.cpp in Sources */ = {isa = PBXBuildFile; fileRef = DDA6478A0E79BB3C00ED6FC2 /* ofxGuiValue.cpp */; };
		DDE240550E544FAC00E3617F /* tinyxml.cpp in Sources */ = {isa = PBXBuildFile; fileRef = DDE2404B0E544FAC00E3617F /* tinyxml.cpp */; };
		DDE240560E544FAC00E3617F /* tinyxmlerror.cpp in Sources */ = {isa = PBXBuildFile; fileRef = DDE2404D0E544FAC00E3617F /* tinyxmlerror.cpp */; };
		DDE240570E544FAC00E3617F /* tinyxmlparser.cpp in Sources */ = {isa = PBXBuildFile; fileRef = DDE2404E0E544FAC00E3617F /* tinyxmlparser.cpp */; };
		DDE240580E544FAC00E3617F /* ofxXmlSettings.cpp in Sources */ = {isa = PBXBuildFile; fileRef = DDE240500E544FAC00E3617F /* ofxXmlSettings.cpp */; };
		DDE6AA2A0E825B2D00556737 /* marker.cpp in Sources */ = {isa = PBXBuildFile; fileRef = DDE6AA290E825B2D00556737 /* marker.cpp */; };
		DDE6AC6B0E82A96500556737 /* libOsc.a in Frameworks */ = {isa = PBXBuildFile; fileRef = DDE6AC580E82A96500556737 /* libOsc.a */; };
		DDE6AC6C0E82A96500556737 /* oscpack.a in Frameworks */ = {isa = PBXBuildFile; fileRef = DDE6AC5A0E82A96500556737 /* oscpack.a */; };
		DDE6AC6D0E82A96600556737 /* oscpack.lib in Frameworks */ = {isa = PBXBuildFile; fileRef = DDE6AC5B0E82A96500556737 /* oscpack.lib */; };
		DDE6AC6E0E82A96600556737 /* oscpack_cw.lib in Frameworks */ = {isa = PBXBuildFile; fileRef = DDE6AC5C0E82A96500556737 /* oscpack_cw.lib */; };
		DDE6AC6F0E82A96600556737 /* ofxOscMessage.cpp in Sources */ = {isa = PBXBuildFile; fileRef = DDE6AC600E82A96500556737 /* ofxOscMessage.cpp */; };
		DDE6AC700E82A96600556737 /* ofxOscReceiver.cpp in Sources */ = {isa = PBXBuildFile; fileRef = DDE6AC620E82A96500556737 /* ofxOscReceiver.cpp */; };
		DDE6AC710E82A96600556737 /* ofxOscSender.cpp in Sources */ = {isa = PBXBuildFile; fileRef = DDE6AC640E82A96500556737 /* ofxOscSender.cpp */; };
		DDF2AEE10E7FEEA700BAECC1 /* libOpenCV.a in Frameworks */ = {isa = PBXBuildFile; fileRef = DDF2AEC60E7FEEA700BAECC1 /* libOpenCV.a */; };
		DDF2AEE50E7FEEA700BAECC1 /* ofxCvColorImage.cpp in Sources */ = {isa = PBXBuildFile; fileRef = DDF2AECD0E7FEEA700BAECC1 /* ofxCvColorImage.cpp */; };
		DDF2AEE60E7FEEA700BAECC1 /* ofxCvContourFinder.cpp in Sources */ = {isa = PBXBuildFile; fileRef = DDF2AED00E7FEEA700BAECC1 /* ofxCvContourFinder.cpp */; };
		DDF2AEE70E7FEEA700BAECC1 /* ofxCvFloatImage.cpp in Sources */ = {isa = PBXBuildFile; fileRef = DDF2AED20E7FEEA700BAECC1 /* ofxCvFloatImage.cpp */; };
		DDF2AEE80E7FEEA700BAECC1 /* ofxCvGrayscaleImage.cpp in Sources */ = {isa = PBXBuildFile; fileRef = DDF2AED40E7FEEA700BAECC1 /* ofxCvGrayscaleImage.cpp */; };
		DDF2AEE90E7FEEA700BAECC1 /* ofxCvImage.cpp in Sources */ = {isa = PBXBuildFile; fileRef = DDF2AED60E7FEEA700BAECC1 /* ofxCvImage.cpp */; };
		DDF2AEED0E7FEEE600BAECC1 /* tracker.cpp in Sources */ = {isa = PBXBuildFile; fileRef = DDF2AEEB0E7FEEE600BAECC1 /* tracker.cpp */; };
		E43121A80C7DEC2700E7BC7C /* ofAppRunner.cpp in Sources */ = {isa = PBXBuildFile; fileRef = E43121860C7DEC2700E7BC7C /* ofAppRunner.cpp */; };
		E43121A90C7DEC2700E7BC7C /* ofSerial.cpp in Sources */ = {isa = PBXBuildFile; fileRef = E431218A0C7DEC2700E7BC7C /* ofSerial.cpp */; };
		E43121AA0C7DEC2700E7BC7C /* ofGraphics.cpp in Sources */ = {isa = PBXBuildFile; fileRef = E431218D0C7DEC2700E7BC7C /* ofGraphics.cpp */; };
		E43121AB0C7DEC2700E7BC7C /* ofImage.cpp in Sources */ = {isa = PBXBuildFile; fileRef = E431218F0C7DEC2700E7BC7C /* ofImage.cpp */; };
		E43121AC0C7DEC2700E7BC7C /* ofTexture.cpp in Sources */ = {isa = PBXBuildFile; fileRef = E43121910C7DEC2700E7BC7C /* ofTexture.cpp */; };
		E43121AD0C7DEC2700E7BC7C /* ofTrueTypeFont.cpp in Sources */ = {isa = PBXBuildFile; fileRef = E43121930C7DEC2700E7BC7C /* ofTrueTypeFont.cpp */; };
		E43121AE0C7DEC2700E7BC7C /* ofSoundPlayer.cpp in Sources */ = {isa = PBXBuildFile; fileRef = E43121970C7DEC2700E7BC7C /* ofSoundPlayer.cpp */; };
		E43121AF0C7DEC2700E7BC7C /* ofSoundStream.cpp in Sources */ = {isa = PBXBuildFile; fileRef = E43121990C7DEC2700E7BC7C /* ofSoundStream.cpp */; };
		E43121B00C7DEC2700E7BC7C /* ofMath.cpp in Sources */ = {isa = PBXBuildFile; fileRef = E431219D0C7DEC2700E7BC7C /* ofMath.cpp */; };
		E43121B10C7DEC2700E7BC7C /* ofUtils.cpp in Sources */ = {isa = PBXBuildFile; fileRef = E431219F0C7DEC2700E7BC7C /* ofUtils.cpp */; };
		E43121B20C7DEC2700E7BC7C /* ofQtUtils.cpp in Sources */ = {isa = PBXBuildFile; fileRef = E43121A20C7DEC2700E7BC7C /* ofQtUtils.cpp */; };
		E43121B30C7DEC2700E7BC7C /* ofVideoGrabber.cpp in Sources */ = {isa = PBXBuildFile; fileRef = E43121A40C7DEC2700E7BC7C /* ofVideoGrabber.cpp */; };
		E43121B40C7DEC2700E7BC7C /* ofVideoPlayer.cpp in Sources */ = {isa = PBXBuildFile; fileRef = E43121A60C7DEC2700E7BC7C /* ofVideoPlayer.cpp */; };
		E4B69E200A3A1BDC003C02F2 /* main.cpp in Sources */ = {isa = PBXBuildFile; fileRef = E4B69E1D0A3A1BDC003C02F2 /* main.cpp */; };
		E4B69E210A3A1BDC003C02F2 /* testApp.cpp in Sources */ = {isa = PBXBuildFile; fileRef = E4B69E1E0A3A1BDC003C02F2 /* testApp.cpp */; };
		E4B6FCAE0C3E899E008CF71C /* openFrameworks-Info.plist in Resources */ = {isa = PBXBuildFile; fileRef = E4B6FCAD0C3E899E008CF71C /* openFrameworks-Info.plist */; };
/* End PBXBuildFile section */

/* Begin PBXFileReference section */
		7F1DB1D90E803EDC00CF6336 /* videoCamera.h */ = {isa = PBXFileReference; fileEncoding = 4; lastKnownFileType = sourcecode.c.h; path = videoCamera.h; sourceTree = "<group>"; };
		7F1DB1DE0E80430100CF6336 /* videoCamera.cpp */ = {isa = PBXFileReference; fileEncoding = 4; lastKnownFileType = sourcecode.cpp.cpp; path = videoCamera.cpp; sourceTree = "<group>"; };
		7F1DB2C60E80608B00CF6336 /* coordWarping.cpp */ = {isa = PBXFileReference; fileEncoding = 4; lastKnownFileType = sourcecode.cpp.cpp; path = coordWarping.cpp; sourceTree = "<group>"; };
		7F1DB2C70E80608C00CF6336 /* coordWarping.h */ = {isa = PBXFileReference; fileEncoding = 4; lastKnownFileType = sourcecode.c.h; path = coordWarping.h; sourceTree = "<group>"; };
		7F4F735C0E82A62200B8EEF4 /* imageStore.h */ = {isa = PBXFileReference; fileEncoding = 4; lastKnownFileType = sourcecode.c.h; path = imageStore.h; sourceTree = "<group>"; };
		7F4F735D0E82A62200B8EEF4 /* imageStore.cpp */ = {isa = PBXFileReference; fileEncoding = 4; lastKnownFileType = sourcecode.cpp.cpp; path = imageStore.cpp; sourceTree = "<group>"; };
		7F4F74810E82E94E00B8EEF4 /* gPhotoCam.h */ = {isa = PBXFileReference; fileEncoding = 4; lastKnownFileType = sourcecode.c.h; path = gPhotoCam.h; sourceTree = "<group>"; };
		7F4F74820E82E94E00B8EEF4 /* gPhotoCam.cpp */ = {isa = PBXFileReference; fileEncoding = 4; lastKnownFileType = sourcecode.cpp.cpp; path = gPhotoCam.cpp; sourceTree = "<group>"; };
		DD72798B0E533A190001CE9B /* PTP.h */ = {isa = PBXFileReference; fileEncoding = 4; lastKnownFileType = sourcecode.c.h; path = PTP.h; sourceTree = "<group>"; };
		DD76CF700E8117150070720F /* ofxThread.cpp */ = {isa = PBXFileReference; fileEncoding = 4; lastKnownFileType = sourcecode.cpp.cpp; path = ofxThread.cpp; sourceTree = "<group>"; };
		DD76CF710E8117150070720F /* ofxThread.h */ = {isa = PBXFileReference; fileEncoding = 4; lastKnownFileType = sourcecode.c.h; path = ofxThread.h; sourceTree = "<group>"; };
		DD76CF820E8118690070720F /* threadedObject.h */ = {isa = PBXFileReference; fileEncoding = 4; lastKnownFileType = sourcecode.c.h; path = threadedObject.h; sourceTree = "<group>"; };
		DD81A5020E60195C006963E2 /* grid.h */ = {isa = PBXFileReference; fileEncoding = 4; lastKnownFileType = sourcecode.c.h; path = grid.h; sourceTree = "<group>"; };
		DD81A5030E60195C006963E2 /* grid.cpp */ = {isa = PBXFileReference; fileEncoding = 4; lastKnownFileType = sourcecode.cpp.cpp; path = grid.cpp; sourceTree = "<group>"; };
		DD81A50C0E601A8A006963E2 /* ofxMatrix3x3.h */ = {isa = PBXFileReference; fileEncoding = 4; lastKnownFileType = sourcecode.c.h; path = ofxMatrix3x3.h; sourceTree = "<group>"; };
		DD81A50D0E601A8A006963E2 /* ofxPoint2f.h */ = {isa = PBXFileReference; fileEncoding = 4; lastKnownFileType = sourcecode.c.h; path = ofxPoint2f.h; sourceTree = "<group>"; };
		DD81A50E0E601A8A006963E2 /* ofxPoint3f.h */ = {isa = PBXFileReference; fileEncoding = 4; lastKnownFileType = sourcecode.c.h; path = ofxPoint3f.h; sourceTree = "<group>"; };
		DD81A50F0E601A8A006963E2 /* ofxPoint4f.h */ = {isa = PBXFileReference; fileEncoding = 4; lastKnownFileType = sourcecode.c.h; path = ofxPoint4f.h; sourceTree = "<group>"; };
		DD81A5100E601A8A006963E2 /* ofxVec2f.h */ = {isa = PBXFileReference; fileEncoding = 4; lastKnownFileType = sourcecode.c.h; path = ofxVec2f.h; sourceTree = "<group>"; };
		DD81A5110E601A8A006963E2 /* ofxVec3f.h */ = {isa = PBXFileReference; fileEncoding = 4; lastKnownFileType = sourcecode.c.h; path = ofxVec3f.h; sourceTree = "<group>"; };
		DD81A5120E601A8A006963E2 /* ofxVec4f.h */ = {isa = PBXFileReference; fileEncoding = 4; lastKnownFileType = sourcecode.c.h; path = ofxVec4f.h; sourceTree = "<group>"; };
		DD81A5130E601A8A006963E2 /* ofxVectorMath.h */ = {isa = PBXFileReference; fileEncoding = 4; lastKnownFileType = sourcecode.c.h; path = ofxVectorMath.h; sourceTree = "<group>"; };
		DDA3EF8A0E6F133900A1B55C /* ofxGui.cpp */ = {isa = PBXFileReference; fileEncoding = 4; lastKnownFileType = sourcecode.cpp.cpp; path = ofxGui.cpp; sourceTree = "<group>"; };
		DDA3EF8B0E6F133900A1B55C /* ofxGui.h */ = {isa = PBXFileReference; fileEncoding = 4; lastKnownFileType = sourcecode.c.h; path = ofxGui.h; sourceTree = "<group>"; };
		DDA3EF8C0E6F133900A1B55C /* ofxGuiButton.cpp */ = {isa = PBXFileReference; fileEncoding = 4; lastKnownFileType = sourcecode.cpp.cpp; path = ofxGuiButton.cpp; sourceTree = "<group>"; };
		DDA3EF8D0E6F133900A1B55C /* ofxGuiButton.h */ = {isa = PBXFileReference; fileEncoding = 4; lastKnownFileType = sourcecode.c.h; path = ofxGuiButton.h; sourceTree = "<group>"; };
		DDA3EF8E0E6F133900A1B55C /* ofxGuiColor.cpp */ = {isa = PBXFileReference; fileEncoding = 4; lastKnownFileType = sourcecode.cpp.cpp; path = ofxGuiColor.cpp; sourceTree = "<group>"; };
		DDA3EF8F0E6F133900A1B55C /* ofxGuiColor.h */ = {isa = PBXFileReference; fileEncoding = 4; lastKnownFileType = sourcecode.c.h; path = ofxGuiColor.h; sourceTree = "<group>"; };
		DDA3EF900E6F133900A1B55C /* ofxGuiFiles.cpp */ = {isa = PBXFileReference; fileEncoding = 4; lastKnownFileType = sourcecode.cpp.cpp; path = ofxGuiFiles.cpp; sourceTree = "<group>"; };
		DDA3EF910E6F133900A1B55C /* ofxGuiFiles.h */ = {isa = PBXFileReference; fileEncoding = 4; lastKnownFileType = sourcecode.c.h; path = ofxGuiFiles.h; sourceTree = "<group>"; };
		DDA3EF920E6F133900A1B55C /* ofxGuiGlobals.cpp */ = {isa = PBXFileReference; fileEncoding = 4; lastKnownFileType = sourcecode.cpp.cpp; path = ofxGuiGlobals.cpp; sourceTree = "<group>"; };
		DDA3EF930E6F133900A1B55C /* ofxGuiGlobals.h */ = {isa = PBXFileReference; fileEncoding = 4; lastKnownFileType = sourcecode.c.h; path = ofxGuiGlobals.h; sourceTree = "<group>"; };
		DDA3EF940E6F133900A1B55C /* ofxGuiKnob.cpp */ = {isa = PBXFileReference; fileEncoding = 4; lastKnownFileType = sourcecode.cpp.cpp; path = ofxGuiKnob.cpp; sourceTree = "<group>"; };
		DDA3EF950E6F133900A1B55C /* ofxGuiKnob.h */ = {isa = PBXFileReference; fileEncoding = 4; lastKnownFileType = sourcecode.c.h; path = ofxGuiKnob.h; sourceTree = "<group>"; };
		DDA3EF960E6F133900A1B55C /* ofxGuiMatrix.cpp */ = {isa = PBXFileReference; fileEncoding = 4; lastKnownFileType = sourcecode.cpp.cpp; path = ofxGuiMatrix.cpp; sourceTree = "<group>"; };
		DDA3EF970E6F133900A1B55C /* ofxGuiMatrix.h */ = {isa = PBXFileReference; fileEncoding = 4; lastKnownFileType = sourcecode.c.h; path = ofxGuiMatrix.h; sourceTree = "<group>"; };
		DDA3EF980E6F133900A1B55C /* ofxGuiObject.cpp */ = {isa = PBXFileReference; fileEncoding = 4; lastKnownFileType = sourcecode.cpp.cpp; path = ofxGuiObject.cpp; sourceTree = "<group>"; };
		DDA3EF990E6F133900A1B55C /* ofxGuiObject.h */ = {isa = PBXFileReference; fileEncoding = 4; lastKnownFileType = sourcecode.c.h; path = ofxGuiObject.h; sourceTree = "<group>"; };
		DDA3EF9A0E6F133900A1B55C /* ofxGuiPanel.cpp */ = {isa = PBXFileReference; fileEncoding = 4; lastKnownFileType = sourcecode.cpp.cpp; path = ofxGuiPanel.cpp; sourceTree = "<group>"; };
		DDA3EF9B0E6F133900A1B55C /* ofxGuiPanel.h */ = {isa = PBXFileReference; fileEncoding = 4; lastKnownFileType = sourcecode.c.h; path = ofxGuiPanel.h; sourceTree = "<group>"; };
		DDA3EF9C0E6F133900A1B55C /* ofxGuiPoints.cpp */ = {isa = PBXFileReference; fileEncoding = 4; lastKnownFileType = sourcecode.cpp.cpp; path = ofxGuiPoints.cpp; sourceTree = "<group>"; };
		DDA3EF9D0E6F133900A1B55C /* ofxGuiPoints.h */ = {isa = PBXFileReference; fileEncoding = 4; lastKnownFileType = sourcecode.c.h; path = ofxGuiPoints.h; sourceTree = "<group>"; };
		DDA3EF9E0E6F133900A1B55C /* ofxGuiRadar.cpp */ = {isa = PBXFileReference; fileEncoding = 4; lastKnownFileType = sourcecode.cpp.cpp; path = ofxGuiRadar.cpp; sourceTree = "<group>"; };
		DDA3EF9F0E6F133900A1B55C /* ofxGuiRadar.h */ = {isa = PBXFileReference; fileEncoding = 4; lastKnownFileType = sourcecode.c.h; path = ofxGuiRadar.h; sourceTree = "<group>"; };
		DDA3EFA00E6F133900A1B55C /* ofxGuiScope.cpp */ = {isa = PBXFileReference; fileEncoding = 4; lastKnownFileType = sourcecode.cpp.cpp; path = ofxGuiScope.cpp; sourceTree = "<group>"; };
		DDA3EFA10E6F133900A1B55C /* ofxGuiScope.h */ = {isa = PBXFileReference; fileEncoding = 4; lastKnownFileType = sourcecode.c.h; path = ofxGuiScope.h; sourceTree = "<group>"; };
		DDA3EFA20E6F133900A1B55C /* ofxGuiSlider.cpp */ = {isa = PBXFileReference; fileEncoding = 4; lastKnownFileType = sourcecode.cpp.cpp; path = ofxGuiSlider.cpp; sourceTree = "<group>"; };
		DDA3EFA30E6F133900A1B55C /* ofxGuiSlider.h */ = {isa = PBXFileReference; fileEncoding = 4; lastKnownFileType = sourcecode.c.h; path = ofxGuiSlider.h; sourceTree = "<group>"; };
		DDA3EFA40E6F133900A1B55C /* ofxGuiSwitch.cpp */ = {isa = PBXFileReference; fileEncoding = 4; lastKnownFileType = sourcecode.cpp.cpp; path = ofxGuiSwitch.cpp; sourceTree = "<group>"; };
		DDA3EFA50E6F133900A1B55C /* ofxGuiSwitch.h */ = {isa = PBXFileReference; fileEncoding = 4; lastKnownFileType = sourcecode.c.h; path = ofxGuiSwitch.h; sourceTree = "<group>"; };
		DDA3EFA60E6F133900A1B55C /* ofxGuiTypes.h */ = {isa = PBXFileReference; fileEncoding = 4; lastKnownFileType = sourcecode.c.h; path = ofxGuiTypes.h; sourceTree = "<group>"; };
		DDA3EFA70E6F133900A1B55C /* ofxGuiXyPad.cpp */ = {isa = PBXFileReference; fileEncoding = 4; lastKnownFileType = sourcecode.cpp.cpp; path = ofxGuiXyPad.cpp; sourceTree = "<group>"; };
		DDA3EFA80E6F133900A1B55C /* ofxGuiXyPad.h */ = {isa = PBXFileReference; fileEncoding = 4; lastKnownFileType = sourcecode.c.h; path = ofxGuiXyPad.h; sourceTree = "<group>"; };
		DDA3EFD10E6F139900A1B55C /* ofxDirList.cpp */ = {isa = PBXFileReference; fileEncoding = 4; lastKnownFileType = sourcecode.cpp.cpp; path = ofxDirList.cpp; sourceTree = "<group>"; };
		DDA3EFD20E6F139900A1B55C /* ofxDirList.h */ = {isa = PBXFileReference; fileEncoding = 4; lastKnownFileType = sourcecode.c.h; path = ofxDirList.h; sourceTree = "<group>"; };
		DDA6478A0E79BB3C00ED6FC2 /* ofxGuiValue.cpp */ = {isa = PBXFileReference; fileEncoding = 4; lastKnownFileType = sourcecode.cpp.cpp; path = ofxGuiValue.cpp; sourceTree = "<group>"; };
		DDA6478B0E79BB3C00ED6FC2 /* ofxGuiValue.h */ = {isa = PBXFileReference; fileEncoding = 4; lastKnownFileType = sourcecode.c.h; path = ofxGuiValue.h; sourceTree = "<group>"; };
		DDE240310E544EB000E3617F /* camera.h */ = {isa = PBXFileReference; fileEncoding = 4; lastKnownFileType = sourcecode.c.h; path = camera.h; sourceTree = "<group>"; };
		DDE2404B0E544FAC00E3617F /* tinyxml.cpp */ = {isa = PBXFileReference; fileEncoding = 4; lastKnownFileType = sourcecode.cpp.cpp; path = tinyxml.cpp; sourceTree = "<group>"; };
		DDE2404C0E544FAC00E3617F /* tinyxml.h */ = {isa = PBXFileReference; fileEncoding = 4; lastKnownFileType = sourcecode.c.h; path = tinyxml.h; sourceTree = "<group>"; };
		DDE2404D0E544FAC00E3617F /* tinyxmlerror.cpp */ = {isa = PBXFileReference; fileEncoding = 4; lastKnownFileType = sourcecode.cpp.cpp; path = tinyxmlerror.cpp; sourceTree = "<group>"; };
		DDE2404E0E544FAC00E3617F /* tinyxmlparser.cpp */ = {isa = PBXFileReference; fileEncoding = 4; lastKnownFileType = sourcecode.cpp.cpp; path = tinyxmlparser.cpp; sourceTree = "<group>"; };
		DDE240500E544FAC00E3617F /* ofxXmlSettings.cpp */ = {isa = PBXFileReference; fileEncoding = 4; lastKnownFileType = sourcecode.cpp.cpp; path = ofxXmlSettings.cpp; sourceTree = "<group>"; };
		DDE240510E544FAC00E3617F /* ofxXmlSettings.h */ = {isa = PBXFileReference; fileEncoding = 4; lastKnownFileType = sourcecode.c.h; path = ofxXmlSettings.h; sourceTree = "<group>"; };
		DDE6AA280E825B2D00556737 /* marker.h */ = {isa = PBXFileReference; fileEncoding = 4; lastKnownFileType = sourcecode.c.h; path = marker.h; sourceTree = "<group>"; };
		DDE6AA290E825B2D00556737 /* marker.cpp */ = {isa = PBXFileReference; fileEncoding = 4; lastKnownFileType = sourcecode.cpp.cpp; path = marker.cpp; sourceTree = "<group>"; };
		DDE6AC480E82A96500556737 /* IpEndpointName.h */ = {isa = PBXFileReference; fileEncoding = 4; lastKnownFileType = sourcecode.c.h; path = IpEndpointName.h; sourceTree = "<group>"; };
		DDE6AC490E82A96500556737 /* NetworkingUtils.h */ = {isa = PBXFileReference; fileEncoding = 4; lastKnownFileType = sourcecode.c.h; path = NetworkingUtils.h; sourceTree = "<group>"; };
		DDE6AC4A0E82A96500556737 /* PacketListener.h */ = {isa = PBXFileReference; fileEncoding = 4; lastKnownFileType = sourcecode.c.h; path = PacketListener.h; sourceTree = "<group>"; };
		DDE6AC4B0E82A96500556737 /* TimerListener.h */ = {isa = PBXFileReference; fileEncoding = 4; lastKnownFileType = sourcecode.c.h; path = TimerListener.h; sourceTree = "<group>"; };
		DDE6AC4C0E82A96500556737 /* UdpSocket.h */ = {isa = PBXFileReference; fileEncoding = 4; lastKnownFileType = sourcecode.c.h; path = UdpSocket.h; sourceTree = "<group>"; };
		DDE6AC4E0E82A96500556737 /* MessageMappingOscPacketListener.h */ = {isa = PBXFileReference; fileEncoding = 4; lastKnownFileType = sourcecode.c.h; path = MessageMappingOscPacketListener.h; sourceTree = "<group>"; };
		DDE6AC4F0E82A96500556737 /* OscException.h */ = {isa = PBXFileReference; fileEncoding = 4; lastKnownFileType = sourcecode.c.h; path = OscException.h; sourceTree = "<group>"; };
		DDE6AC500E82A96500556737 /* OscHostEndianness.h */ = {isa = PBXFileReference; fileEncoding = 4; lastKnownFileType = sourcecode.c.h; path = OscHostEndianness.h; sourceTree = "<group>"; };
		DDE6AC510E82A96500556737 /* OscOutboundPacketStream.h */ = {isa = PBXFileReference; fileEncoding = 4; lastKnownFileType = sourcecode.c.h; path = OscOutboundPacketStream.h; sourceTree = "<group>"; };
		DDE6AC520E82A96500556737 /* OscPacketListener.h */ = {isa = PBXFileReference; fileEncoding = 4; lastKnownFileType = sourcecode.c.h; path = OscPacketListener.h; sourceTree = "<group>"; };
		DDE6AC530E82A96500556737 /* OscPrintReceivedElements.h */ = {isa = PBXFileReference; fileEncoding = 4; lastKnownFileType = sourcecode.c.h; path = OscPrintReceivedElements.h; sourceTree = "<group>"; };
		DDE6AC540E82A96500556737 /* OscReceivedElements.h */ = {isa = PBXFileReference; fileEncoding = 4; lastKnownFileType = sourcecode.c.h; path = OscReceivedElements.h; sourceTree = "<group>"; };
		DDE6AC550E82A96500556737 /* OscTypes.h */ = {isa = PBXFileReference; fileEncoding = 4; lastKnownFileType = sourcecode.c.h; path = OscTypes.h; sourceTree = "<group>"; };
		DDE6AC580E82A96500556737 /* libOsc.a */ = {isa = PBXFileReference; lastKnownFileType = archive.ar; path = libOsc.a; sourceTree = "<group>"; };
		DDE6AC5A0E82A96500556737 /* oscpack.a */ = {isa = PBXFileReference; lastKnownFileType = archive.ar; path = oscpack.a; sourceTree = "<group>"; };
		DDE6AC5B0E82A96500556737 /* oscpack.lib */ = {isa = PBXFileReference; lastKnownFileType = archive.ar; path = oscpack.lib; sourceTree = "<group>"; };
		DDE6AC5C0E82A96500556737 /* oscpack_cw.lib */ = {isa = PBXFileReference; lastKnownFileType = archive.ar; path = oscpack_cw.lib; sourceTree = "<group>"; };
		DDE6AC5E0E82A96500556737 /* ofxOsc.h */ = {isa = PBXFileReference; fileEncoding = 4; lastKnownFileType = sourcecode.c.h; path = ofxOsc.h; sourceTree = "<group>"; };
		DDE6AC5F0E82A96500556737 /* ofxOscArg.h */ = {isa = PBXFileReference; fileEncoding = 4; lastKnownFileType = sourcecode.c.h; path = ofxOscArg.h; sourceTree = "<group>"; };
		DDE6AC600E82A96500556737 /* ofxOscMessage.cpp */ = {isa = PBXFileReference; fileEncoding = 4; lastKnownFileType = sourcecode.cpp.cpp; path = ofxOscMessage.cpp; sourceTree = "<group>"; };
		DDE6AC610E82A96500556737 /* ofxOscMessage.h */ = {isa = PBXFileReference; fileEncoding = 4; lastKnownFileType = sourcecode.c.h; path = ofxOscMessage.h; sourceTree = "<group>"; };
		DDE6AC620E82A96500556737 /* ofxOscReceiver.cpp */ = {isa = PBXFileReference; fileEncoding = 4; lastKnownFileType = sourcecode.cpp.cpp; path = ofxOscReceiver.cpp; sourceTree = "<group>"; };
		DDE6AC630E82A96500556737 /* ofxOscReceiver.h */ = {isa = PBXFileReference; fileEncoding = 4; lastKnownFileType = sourcecode.c.h; path = ofxOscReceiver.h; sourceTree = "<group>"; };
		DDE6AC640E82A96500556737 /* ofxOscSender.cpp */ = {isa = PBXFileReference; fileEncoding = 4; lastKnownFileType = sourcecode.cpp.cpp; path = ofxOscSender.cpp; sourceTree = "<group>"; };
		DDE6AC650E82A96500556737 /* ofxOscSender.h */ = {isa = PBXFileReference; fileEncoding = 4; lastKnownFileType = sourcecode.c.h; path = ofxOscSender.h; sourceTree = "<group>"; };
		DDF2AEB40E7FEEA700BAECC1 /* cv.h */ = {isa = PBXFileReference; fileEncoding = 4; lastKnownFileType = sourcecode.c.h; path = cv.h; sourceTree = "<group>"; };
		DDF2AEB50E7FEEA700BAECC1 /* cv.hpp */ = {isa = PBXFileReference; fileEncoding = 4; lastKnownFileType = sourcecode.cpp.h; path = cv.hpp; sourceTree = "<group>"; };
		DDF2AEB60E7FEEA700BAECC1 /* cvaux.h */ = {isa = PBXFileReference; fileEncoding = 4; lastKnownFileType = sourcecode.c.h; path = cvaux.h; sourceTree = "<group>"; };
		DDF2AEB70E7FEEA700BAECC1 /* cvaux.hpp */ = {isa = PBXFileReference; fileEncoding = 4; lastKnownFileType = sourcecode.cpp.h; path = cvaux.hpp; sourceTree = "<group>"; };
		DDF2AEB80E7FEEA700BAECC1 /* cvcompat.h */ = {isa = PBXFileReference; fileEncoding = 4; lastKnownFileType = sourcecode.c.h; path = cvcompat.h; sourceTree = "<group>"; };
		DDF2AEB90E7FEEA700BAECC1 /* cvmat.hpp */ = {isa = PBXFileReference; fileEncoding = 4; lastKnownFileType = sourcecode.cpp.h; path = cvmat.hpp; sourceTree = "<group>"; };
		DDF2AEBA0E7FEEA700BAECC1 /* cvstreams.h */ = {isa = PBXFileReference; fileEncoding = 4; lastKnownFileType = sourcecode.c.h; path = cvstreams.h; sourceTree = "<group>"; };
		DDF2AEBB0E7FEEA700BAECC1 /* cvtypes.h */ = {isa = PBXFileReference; fileEncoding = 4; lastKnownFileType = sourcecode.c.h; path = cvtypes.h; sourceTree = "<group>"; };
		DDF2AEBC0E7FEEA700BAECC1 /* cvver.h */ = {isa = PBXFileReference; fileEncoding = 4; lastKnownFileType = sourcecode.c.h; path = cvver.h; sourceTree = "<group>"; };
		DDF2AEBD0E7FEEA700BAECC1 /* cvvidsurv.hpp */ = {isa = PBXFileReference; fileEncoding = 4; lastKnownFileType = sourcecode.cpp.h; path = cvvidsurv.hpp; sourceTree = "<group>"; };
		DDF2AEBE0E7FEEA700BAECC1 /* cxcore.h */ = {isa = PBXFileReference; fileEncoding = 4; lastKnownFileType = sourcecode.c.h; path = cxcore.h; sourceTree = "<group>"; };
		DDF2AEBF0E7FEEA700BAECC1 /* cxcore.hpp */ = {isa = PBXFileReference; fileEncoding = 4; lastKnownFileType = sourcecode.cpp.h; path = cxcore.hpp; sourceTree = "<group>"; };
		DDF2AEC00E7FEEA700BAECC1 /* cxerror.h */ = {isa = PBXFileReference; fileEncoding = 4; lastKnownFileType = sourcecode.c.h; path = cxerror.h; sourceTree = "<group>"; };
		DDF2AEC10E7FEEA700BAECC1 /* cxmisc.h */ = {isa = PBXFileReference; fileEncoding = 4; lastKnownFileType = sourcecode.c.h; path = cxmisc.h; sourceTree = "<group>"; };
		DDF2AEC20E7FEEA700BAECC1 /* cxtypes.h */ = {isa = PBXFileReference; fileEncoding = 4; lastKnownFileType = sourcecode.c.h; path = cxtypes.h; sourceTree = "<group>"; };
		DDF2AEC60E7FEEA700BAECC1 /* libOpenCV.a */ = {isa = PBXFileReference; lastKnownFileType = archive.ar; path = libOpenCV.a; sourceTree = "<group>"; };
		DDF2AECC0E7FEEA700BAECC1 /* ofxCvBlob.h */ = {isa = PBXFileReference; fileEncoding = 4; lastKnownFileType = sourcecode.c.h; path = ofxCvBlob.h; sourceTree = "<group>"; };
		DDF2AECD0E7FEEA700BAECC1 /* ofxCvColorImage.cpp */ = {isa = PBXFileReference; fileEncoding = 4; lastKnownFileType = sourcecode.cpp.cpp; path = ofxCvColorImage.cpp; sourceTree = "<group>"; };
		DDF2AECE0E7FEEA700BAECC1 /* ofxCvColorImage.h */ = {isa = PBXFileReference; fileEncoding = 4; lastKnownFileType = sourcecode.c.h; path = ofxCvColorImage.h; sourceTree = "<group>"; };
		DDF2AECF0E7FEEA700BAECC1 /* ofxCvConstants.h */ = {isa = PBXFileReference; fileEncoding = 4; lastKnownFileType = sourcecode.c.h; path = ofxCvConstants.h; sourceTree = "<group>"; };
		DDF2AED00E7FEEA700BAECC1 /* ofxCvContourFinder.cpp */ = {isa = PBXFileReference; fileEncoding = 4; lastKnownFileType = sourcecode.cpp.cpp; path = ofxCvContourFinder.cpp; sourceTree = "<group>"; };
		DDF2AED10E7FEEA700BAECC1 /* ofxCvContourFinder.h */ = {isa = PBXFileReference; fileEncoding = 4; lastKnownFileType = sourcecode.c.h; path = ofxCvContourFinder.h; sourceTree = "<group>"; };
		DDF2AED20E7FEEA700BAECC1 /* ofxCvFloatImage.cpp */ = {isa = PBXFileReference; fileEncoding = 4; lastKnownFileType = sourcecode.cpp.cpp; path = ofxCvFloatImage.cpp; sourceTree = "<group>"; };
		DDF2AED30E7FEEA700BAECC1 /* ofxCvFloatImage.h */ = {isa = PBXFileReference; fileEncoding = 4; lastKnownFileType = sourcecode.c.h; path = ofxCvFloatImage.h; sourceTree = "<group>"; };
		DDF2AED40E7FEEA700BAECC1 /* ofxCvGrayscaleImage.cpp */ = {isa = PBXFileReference; fileEncoding = 4; lastKnownFileType = sourcecode.cpp.cpp; path = ofxCvGrayscaleImage.cpp; sourceTree = "<group>"; };
		DDF2AED50E7FEEA700BAECC1 /* ofxCvGrayscaleImage.h */ = {isa = PBXFileReference; fileEncoding = 4; lastKnownFileType = sourcecode.c.h; path = ofxCvGrayscaleImage.h; sourceTree = "<group>"; };
		DDF2AED60E7FEEA700BAECC1 /* ofxCvImage.cpp */ = {isa = PBXFileReference; fileEncoding = 4; lastKnownFileType = sourcecode.cpp.cpp; path = ofxCvImage.cpp; sourceTree = "<group>"; };
		DDF2AED70E7FEEA700BAECC1 /* ofxCvImage.h */ = {isa = PBXFileReference; fileEncoding = 4; lastKnownFileType = sourcecode.c.h; path = ofxCvImage.h; sourceTree = "<group>"; };
		DDF2AED80E7FEEA700BAECC1 /* ofxCvMain.h */ = {isa = PBXFileReference; fileEncoding = 4; lastKnownFileType = sourcecode.c.h; path = ofxCvMain.h; sourceTree = "<group>"; };
		DDF2AEEB0E7FEEE600BAECC1 /* tracker.cpp */ = {isa = PBXFileReference; fileEncoding = 4; lastKnownFileType = sourcecode.cpp.cpp; path = tracker.cpp; sourceTree = "<group>"; };
		DDF2AEEC0E7FEEE600BAECC1 /* tracker.h */ = {isa = PBXFileReference; fileEncoding = 4; lastKnownFileType = sourcecode.c.h; path = tracker.h; sourceTree = "<group>"; };
		E411BE020CFA279F007A1F4A /* ofAddons.h */ = {isa = PBXFileReference; fileEncoding = 30; lastKnownFileType = sourcecode.c.h; name = ofAddons.h; path = ../../../addons/ofAddons.h; sourceTree = SOURCE_ROOT; };
		E43121850C7DEC2700E7BC7C /* ofAppGlutGlue.h */ = {isa = PBXFileReference; fileEncoding = 30; lastKnownFileType = sourcecode.c.h; name = ofAppGlutGlue.h; path = ../../../libs/openFrameworks/app/ofAppGlutGlue.h; sourceTree = SOURCE_ROOT; };
		E43121860C7DEC2700E7BC7C /* ofAppRunner.cpp */ = {isa = PBXFileReference; fileEncoding = 30; lastKnownFileType = sourcecode.cpp.cpp; name = ofAppRunner.cpp; path = ../../../libs/openFrameworks/app/ofAppRunner.cpp; sourceTree = SOURCE_ROOT; };
		E43121870C7DEC2700E7BC7C /* ofAppRunner.h */ = {isa = PBXFileReference; fileEncoding = 30; lastKnownFileType = sourcecode.c.h; name = ofAppRunner.h; path = ../../../libs/openFrameworks/app/ofAppRunner.h; sourceTree = SOURCE_ROOT; };
		E43121880C7DEC2700E7BC7C /* ofSimpleApp.h */ = {isa = PBXFileReference; fileEncoding = 30; lastKnownFileType = sourcecode.c.h; name = ofSimpleApp.h; path = ../../../libs/openFrameworks/app/ofSimpleApp.h; sourceTree = SOURCE_ROOT; };
		E431218A0C7DEC2700E7BC7C /* ofSerial.cpp */ = {isa = PBXFileReference; fileEncoding = 30; lastKnownFileType = sourcecode.cpp.cpp; name = ofSerial.cpp; path = ../../../libs/openFrameworks/communication/ofSerial.cpp; sourceTree = SOURCE_ROOT; };
		E431218B0C7DEC2700E7BC7C /* ofSerial.h */ = {isa = PBXFileReference; fileEncoding = 30; lastKnownFileType = sourcecode.c.h; name = ofSerial.h; path = ../../../libs/openFrameworks/communication/ofSerial.h; sourceTree = SOURCE_ROOT; };
		E431218D0C7DEC2700E7BC7C /* ofGraphics.cpp */ = {isa = PBXFileReference; fileEncoding = 30; lastKnownFileType = sourcecode.cpp.cpp; name = ofGraphics.cpp; path = ../../../libs/openFrameworks/graphics/ofGraphics.cpp; sourceTree = SOURCE_ROOT; };
		E431218E0C7DEC2700E7BC7C /* ofGraphics.h */ = {isa = PBXFileReference; fileEncoding = 30; lastKnownFileType = sourcecode.c.h; name = ofGraphics.h; path = ../../../libs/openFrameworks/graphics/ofGraphics.h; sourceTree = SOURCE_ROOT; };
		E431218F0C7DEC2700E7BC7C /* ofImage.cpp */ = {isa = PBXFileReference; fileEncoding = 30; lastKnownFileType = sourcecode.cpp.cpp; name = ofImage.cpp; path = ../../../libs/openFrameworks/graphics/ofImage.cpp; sourceTree = SOURCE_ROOT; };
		E43121900C7DEC2700E7BC7C /* ofImage.h */ = {isa = PBXFileReference; fileEncoding = 30; lastKnownFileType = sourcecode.c.h; name = ofImage.h; path = ../../../libs/openFrameworks/graphics/ofImage.h; sourceTree = SOURCE_ROOT; };
		E43121910C7DEC2700E7BC7C /* ofTexture.cpp */ = {isa = PBXFileReference; fileEncoding = 30; lastKnownFileType = sourcecode.cpp.cpp; name = ofTexture.cpp; path = ../../../libs/openFrameworks/graphics/ofTexture.cpp; sourceTree = SOURCE_ROOT; };
		E43121920C7DEC2700E7BC7C /* ofTexture.h */ = {isa = PBXFileReference; fileEncoding = 30; lastKnownFileType = sourcecode.c.h; name = ofTexture.h; path = ../../../libs/openFrameworks/graphics/ofTexture.h; sourceTree = SOURCE_ROOT; };
		E43121930C7DEC2700E7BC7C /* ofTrueTypeFont.cpp */ = {isa = PBXFileReference; fileEncoding = 30; lastKnownFileType = sourcecode.cpp.cpp; name = ofTrueTypeFont.cpp; path = ../../../libs/openFrameworks/graphics/ofTrueTypeFont.cpp; sourceTree = SOURCE_ROOT; };
		E43121940C7DEC2700E7BC7C /* ofTrueTypefont.h */ = {isa = PBXFileReference; fileEncoding = 30; lastKnownFileType = sourcecode.c.h; name = ofTrueTypefont.h; path = ../../../libs/openFrameworks/graphics/ofTrueTypefont.h; sourceTree = SOURCE_ROOT; };
		E43121950C7DEC2700E7BC7C /* ofMain.h */ = {isa = PBXFileReference; fileEncoding = 30; lastKnownFileType = sourcecode.c.h; name = ofMain.h; path = ../../../libs/openFrameworks/ofMain.h; sourceTree = SOURCE_ROOT; };
		E43121970C7DEC2700E7BC7C /* ofSoundPlayer.cpp */ = {isa = PBXFileReference; fileEncoding = 30; lastKnownFileType = sourcecode.cpp.cpp; name = ofSoundPlayer.cpp; path = ../../../libs/openFrameworks/sound/ofSoundPlayer.cpp; sourceTree = SOURCE_ROOT; };
		E43121980C7DEC2700E7BC7C /* ofSoundPlayer.h */ = {isa = PBXFileReference; fileEncoding = 30; lastKnownFileType = sourcecode.c.h; name = ofSoundPlayer.h; path = ../../../libs/openFrameworks/sound/ofSoundPlayer.h; sourceTree = SOURCE_ROOT; };
		E43121990C7DEC2700E7BC7C /* ofSoundStream.cpp */ = {isa = PBXFileReference; fileEncoding = 30; lastKnownFileType = sourcecode.cpp.cpp; name = ofSoundStream.cpp; path = ../../../libs/openFrameworks/sound/ofSoundStream.cpp; sourceTree = SOURCE_ROOT; };
		E431219A0C7DEC2700E7BC7C /* ofSoundStream.h */ = {isa = PBXFileReference; fileEncoding = 30; lastKnownFileType = sourcecode.c.h; name = ofSoundStream.h; path = ../../../libs/openFrameworks/sound/ofSoundStream.h; sourceTree = SOURCE_ROOT; };
		E431219C0C7DEC2700E7BC7C /* ofConstants.h */ = {isa = PBXFileReference; fileEncoding = 30; lastKnownFileType = sourcecode.c.h; name = ofConstants.h; path = ../../../libs/openFrameworks/utils/ofConstants.h; sourceTree = SOURCE_ROOT; };
		E431219D0C7DEC2700E7BC7C /* ofMath.cpp */ = {isa = PBXFileReference; fileEncoding = 30; lastKnownFileType = sourcecode.cpp.cpp; name = ofMath.cpp; path = ../../../libs/openFrameworks/utils/ofMath.cpp; sourceTree = SOURCE_ROOT; };
		E431219E0C7DEC2700E7BC7C /* ofMath.h */ = {isa = PBXFileReference; fileEncoding = 30; lastKnownFileType = sourcecode.c.h; name = ofMath.h; path = ../../../libs/openFrameworks/utils/ofMath.h; sourceTree = SOURCE_ROOT; };
		E431219F0C7DEC2700E7BC7C /* ofUtils.cpp */ = {isa = PBXFileReference; fileEncoding = 30; lastKnownFileType = sourcecode.cpp.cpp; name = ofUtils.cpp; path = ../../../libs/openFrameworks/utils/ofUtils.cpp; sourceTree = SOURCE_ROOT; };
		E43121A00C7DEC2700E7BC7C /* ofUtils.h */ = {isa = PBXFileReference; fileEncoding = 30; lastKnownFileType = sourcecode.c.h; name = ofUtils.h; path = ../../../libs/openFrameworks/utils/ofUtils.h; sourceTree = SOURCE_ROOT; };
		E43121A20C7DEC2700E7BC7C /* ofQtUtils.cpp */ = {isa = PBXFileReference; fileEncoding = 30; lastKnownFileType = sourcecode.cpp.cpp; name = ofQtUtils.cpp; path = ../../../libs/openFrameworks/video/ofQtUtils.cpp; sourceTree = SOURCE_ROOT; };
		E43121A30C7DEC2700E7BC7C /* ofQtUtils.h */ = {isa = PBXFileReference; fileEncoding = 30; lastKnownFileType = sourcecode.c.h; name = ofQtUtils.h; path = ../../../libs/openFrameworks/video/ofQtUtils.h; sourceTree = SOURCE_ROOT; };
		E43121A40C7DEC2700E7BC7C /* ofVideoGrabber.cpp */ = {isa = PBXFileReference; fileEncoding = 30; lastKnownFileType = sourcecode.cpp.cpp; name = ofVideoGrabber.cpp; path = ../../../libs/openFrameworks/video/ofVideoGrabber.cpp; sourceTree = SOURCE_ROOT; };
		E43121A50C7DEC2700E7BC7C /* ofVideoGrabber.h */ = {isa = PBXFileReference; fileEncoding = 30; lastKnownFileType = sourcecode.c.h; name = ofVideoGrabber.h; path = ../../../libs/openFrameworks/video/ofVideoGrabber.h; sourceTree = SOURCE_ROOT; };
		E43121A60C7DEC2700E7BC7C /* ofVideoPlayer.cpp */ = {isa = PBXFileReference; fileEncoding = 30; lastKnownFileType = sourcecode.cpp.cpp; name = ofVideoPlayer.cpp; path = ../../../libs/openFrameworks/video/ofVideoPlayer.cpp; sourceTree = SOURCE_ROOT; };
		E43121A70C7DEC2700E7BC7C /* ofVideoPlayer.h */ = {isa = PBXFileReference; fileEncoding = 30; lastKnownFileType = sourcecode.c.h; name = ofVideoPlayer.h; path = ../../../libs/openFrameworks/video/ofVideoPlayer.h; sourceTree = SOURCE_ROOT; };
		E4B69B5B0A3A1756003C02F2 /* openFrameworksDebug.app */ = {isa = PBXFileReference; explicitFileType = wrapper.application; includeInIndex = 0; name = openFrameworksDebug.app; path = /Users/ole/libs/of_preRelease_v0.05_xcode_FAT/apps/ole/StopMotion/openFrameworksDebug.app; sourceTree = "<absolute>"; };
		E4B69E1D0A3A1BDC003C02F2 /* main.cpp */ = {isa = PBXFileReference; fileEncoding = 30; lastKnownFileType = sourcecode.cpp.cpp; name = main.cpp; path = src/main.cpp; sourceTree = SOURCE_ROOT; };
		E4B69E1E0A3A1BDC003C02F2 /* testApp.cpp */ = {isa = PBXFileReference; fileEncoding = 30; lastKnownFileType = sourcecode.cpp.cpp; name = testApp.cpp; path = src/testApp.cpp; sourceTree = SOURCE_ROOT; };
		E4B69E1F0A3A1BDC003C02F2 /* testApp.h */ = {isa = PBXFileReference; fileEncoding = 30; lastKnownFileType = sourcecode.c.h; name = testApp.h; path = src/testApp.h; sourceTree = SOURCE_ROOT; };
		E4B6FCAD0C3E899E008CF71C /* openFrameworks-Info.plist */ = {isa = PBXFileReference; fileEncoding = 30; lastKnownFileType = text.plist.xml; path = "openFrameworks-Info.plist"; sourceTree = SOURCE_ROOT; };
/* End PBXFileReference section */

/* Begin PBXFrameworksBuildPhase section */
		E4B69B590A3A1756003C02F2 /* Frameworks */ = {
			isa = PBXFrameworksBuildPhase;
			buildActionMask = 2147483647;
			files = (
				DDF2AEE10E7FEEA700BAECC1 /* libOpenCV.a in Frameworks */,
				DDE6AC6B0E82A96500556737 /* libOsc.a in Frameworks */,
				DDE6AC6C0E82A96500556737 /* oscpack.a in Frameworks */,
				DDE6AC6D0E82A96600556737 /* oscpack.lib in Frameworks */,
				DDE6AC6E0E82A96600556737 /* oscpack_cw.lib in Frameworks */,
			);
			runOnlyForDeploymentPostprocessing = 0;
		};
/* End PBXFrameworksBuildPhase section */

/* Begin PBXGroup section */
		DD76CF660E8117150070720F /* ofxThread */ = {
			isa = PBXGroup;
			children = (
				DD76CF6F0E8117150070720F /* src */,
			);
			path = ofxThread;
			sourceTree = "<group>";
		};
		DD76CF6F0E8117150070720F /* src */ = {
			isa = PBXGroup;
			children = (
				DD76CF700E8117150070720F /* ofxThread.cpp */,
				DD76CF710E8117150070720F /* ofxThread.h */,
			);
			path = src;
			sourceTree = "<group>";
		};
		DD81A5050E601A8A006963E2 /* ofxVectorMath */ = {
			isa = PBXGroup;
			children = (
				DD81A50B0E601A8A006963E2 /* src */,
			);
			path = ofxVectorMath;
			sourceTree = "<group>";
		};
		DD81A50B0E601A8A006963E2 /* src */ = {
			isa = PBXGroup;
			children = (
				DD81A50C0E601A8A006963E2 /* ofxMatrix3x3.h */,
				DD81A50D0E601A8A006963E2 /* ofxPoint2f.h */,
				DD81A50E0E601A8A006963E2 /* ofxPoint3f.h */,
				DD81A50F0E601A8A006963E2 /* ofxPoint4f.h */,
				DD81A5100E601A8A006963E2 /* ofxVec2f.h */,
				DD81A5110E601A8A006963E2 /* ofxVec3f.h */,
				DD81A5120E601A8A006963E2 /* ofxVec4f.h */,
				DD81A5130E601A8A006963E2 /* ofxVectorMath.h */,
			);
			path = src;
			sourceTree = "<group>";
		};
		DDA3EF890E6F133900A1B55C /* ofxGui */ = {
			isa = PBXGroup;
			children = (
				DDA6478A0E79BB3C00ED6FC2 /* ofxGuiValue.cpp */,
				DDA6478B0E79BB3C00ED6FC2 /* ofxGuiValue.h */,
				DDA3EF8A0E6F133900A1B55C /* ofxGui.cpp */,
				DDA3EF8B0E6F133900A1B55C /* ofxGui.h */,
				DDA3EF8C0E6F133900A1B55C /* ofxGuiButton.cpp */,
				DDA3EF8D0E6F133900A1B55C /* ofxGuiButton.h */,
				DDA3EF8E0E6F133900A1B55C /* ofxGuiColor.cpp */,
				DDA3EF8F0E6F133900A1B55C /* ofxGuiColor.h */,
				DDA3EF900E6F133900A1B55C /* ofxGuiFiles.cpp */,
				DDA3EF910E6F133900A1B55C /* ofxGuiFiles.h */,
				DDA3EF920E6F133900A1B55C /* ofxGuiGlobals.cpp */,
				DDA3EF930E6F133900A1B55C /* ofxGuiGlobals.h */,
				DDA3EF940E6F133900A1B55C /* ofxGuiKnob.cpp */,
				DDA3EF950E6F133900A1B55C /* ofxGuiKnob.h */,
				DDA3EF960E6F133900A1B55C /* ofxGuiMatrix.cpp */,
				DDA3EF970E6F133900A1B55C /* ofxGuiMatrix.h */,
				DDA3EF980E6F133900A1B55C /* ofxGuiObject.cpp */,
				DDA3EF990E6F133900A1B55C /* ofxGuiObject.h */,
				DDA3EF9A0E6F133900A1B55C /* ofxGuiPanel.cpp */,
				DDA3EF9B0E6F133900A1B55C /* ofxGuiPanel.h */,
				DDA3EF9C0E6F133900A1B55C /* ofxGuiPoints.cpp */,
				DDA3EF9D0E6F133900A1B55C /* ofxGuiPoints.h */,
				DDA3EF9E0E6F133900A1B55C /* ofxGuiRadar.cpp */,
				DDA3EF9F0E6F133900A1B55C /* ofxGuiRadar.h */,
				DDA3EFA00E6F133900A1B55C /* ofxGuiScope.cpp */,
				DDA3EFA10E6F133900A1B55C /* ofxGuiScope.h */,
				DDA3EFA20E6F133900A1B55C /* ofxGuiSlider.cpp */,
				DDA3EFA30E6F133900A1B55C /* ofxGuiSlider.h */,
				DDA3EFA40E6F133900A1B55C /* ofxGuiSwitch.cpp */,
				DDA3EFA50E6F133900A1B55C /* ofxGuiSwitch.h */,
				DDA3EFA60E6F133900A1B55C /* ofxGuiTypes.h */,
				DDA3EFA70E6F133900A1B55C /* ofxGuiXyPad.cpp */,
				DDA3EFA80E6F133900A1B55C /* ofxGuiXyPad.h */,
			);
			path = ofxGui;
			sourceTree = "<group>";
		};
		DDA3EFC80E6F139900A1B55C /* ofxDirList */ = {
			isa = PBXGroup;
			children = (
				DDA3EFD00E6F139900A1B55C /* src */,
			);
			path = ofxDirList;
			sourceTree = "<group>";
		};
		DDA3EFD00E6F139900A1B55C /* src */ = {
			isa = PBXGroup;
			children = (
				DDA3EFD10E6F139900A1B55C /* ofxDirList.cpp */,
				DDA3EFD20E6F139900A1B55C /* ofxDirList.h */,
			);
			path = src;
			sourceTree = "<group>";
		};
		DDE240440E544FAC00E3617F /* ofxXmlSettings */ = {
			isa = PBXGroup;
			children = (
				DDE2404A0E544FAC00E3617F /* libs */,
				DDE2404F0E544FAC00E3617F /* src */,
			);
			path = ofxXmlSettings;
			sourceTree = "<group>";
		};
		DDE2404A0E544FAC00E3617F /* libs */ = {
			isa = PBXGroup;
			children = (
				DDE2404B0E544FAC00E3617F /* tinyxml.cpp */,
				DDE2404C0E544FAC00E3617F /* tinyxml.h */,
				DDE2404D0E544FAC00E3617F /* tinyxmlerror.cpp */,
				DDE2404E0E544FAC00E3617F /* tinyxmlparser.cpp */,
			);
			path = libs;
			sourceTree = "<group>";
		};
		DDE2404F0E544FAC00E3617F /* src */ = {
			isa = PBXGroup;
			children = (
				DDE240500E544FAC00E3617F /* ofxXmlSettings.cpp */,
				DDE240510E544FAC00E3617F /* ofxXmlSettings.h */,
			);
			path = src;
			sourceTree = "<group>";
		};
		DDE6AC390E82A96500556737 /* ofxOsc */ = {
			isa = PBXGroup;
			children = (
				DDE6AC440E82A96500556737 /* libs */,
				DDE6AC5D0E82A96500556737 /* src */,
			);
			path = ofxOsc;
			sourceTree = "<group>";
		};
		DDE6AC440E82A96500556737 /* libs */ = {
			isa = PBXGroup;
			children = (
				DDE6AC450E82A96500556737 /* oscpack */,
			);
			path = libs;
			sourceTree = "<group>";
		};
		DDE6AC450E82A96500556737 /* oscpack */ = {
			isa = PBXGroup;
			children = (
				DDE6AC460E82A96500556737 /* include */,
				DDE6AC560E82A96500556737 /* lib */,
			);
			path = oscpack;
			sourceTree = "<group>";
		};
		DDE6AC460E82A96500556737 /* include */ = {
			isa = PBXGroup;
			children = (
				DDE6AC470E82A96500556737 /* ip */,
				DDE6AC4D0E82A96500556737 /* osc */,
			);
			path = include;
			sourceTree = "<group>";
		};
		DDE6AC470E82A96500556737 /* ip */ = {
			isa = PBXGroup;
			children = (
				DDE6AC480E82A96500556737 /* IpEndpointName.h */,
				DDE6AC490E82A96500556737 /* NetworkingUtils.h */,
				DDE6AC4A0E82A96500556737 /* PacketListener.h */,
				DDE6AC4B0E82A96500556737 /* TimerListener.h */,
				DDE6AC4C0E82A96500556737 /* UdpSocket.h */,
			);
			path = ip;
			sourceTree = "<group>";
		};
		DDE6AC4D0E82A96500556737 /* osc */ = {
			isa = PBXGroup;
			children = (
				DDE6AC4E0E82A96500556737 /* MessageMappingOscPacketListener.h */,
				DDE6AC4F0E82A96500556737 /* OscException.h */,
				DDE6AC500E82A96500556737 /* OscHostEndianness.h */,
				DDE6AC510E82A96500556737 /* OscOutboundPacketStream.h */,
				DDE6AC520E82A96500556737 /* OscPacketListener.h */,
				DDE6AC530E82A96500556737 /* OscPrintReceivedElements.h */,
				DDE6AC540E82A96500556737 /* OscReceivedElements.h */,
				DDE6AC550E82A96500556737 /* OscTypes.h */,
			);
			path = osc;
			sourceTree = "<group>";
		};
		DDE6AC560E82A96500556737 /* lib */ = {
			isa = PBXGroup;
			children = (
				DDE6AC570E82A96500556737 /* osx */,
				DDE6AC590E82A96500556737 /* win32 */,
			);
			path = lib;
			sourceTree = "<group>";
		};
		DDE6AC570E82A96500556737 /* osx */ = {
			isa = PBXGroup;
			children = (
				DDE6AC580E82A96500556737 /* libOsc.a */,
			);
			path = osx;
			sourceTree = "<group>";
		};
		DDE6AC590E82A96500556737 /* win32 */ = {
			isa = PBXGroup;
			children = (
				DDE6AC5A0E82A96500556737 /* oscpack.a */,
				DDE6AC5B0E82A96500556737 /* oscpack.lib */,
				DDE6AC5C0E82A96500556737 /* oscpack_cw.lib */,
			);
			path = win32;
			sourceTree = "<group>";
		};
		DDE6AC5D0E82A96500556737 /* src */ = {
			isa = PBXGroup;
			children = (
				DDE6AC5E0E82A96500556737 /* ofxOsc.h */,
				DDE6AC5F0E82A96500556737 /* ofxOscArg.h */,
				DDE6AC600E82A96500556737 /* ofxOscMessage.cpp */,
				DDE6AC610E82A96500556737 /* ofxOscMessage.h */,
				DDE6AC620E82A96500556737 /* ofxOscReceiver.cpp */,
				DDE6AC630E82A96500556737 /* ofxOscReceiver.h */,
				DDE6AC640E82A96500556737 /* ofxOscSender.cpp */,
				DDE6AC650E82A96500556737 /* ofxOscSender.h */,
			);
			path = src;
			sourceTree = "<group>";
		};
		DDF2AEA30E7FEEA700BAECC1 /* ofxOpenCv */ = {
			isa = PBXGroup;
			children = (
				DDF2AEAD0E7FEEA700BAECC1 /* libs */,
				DDF2AECB0E7FEEA700BAECC1 /* src */,
			);
			path = ofxOpenCv;
			sourceTree = "<group>";
		};
		DDF2AEAD0E7FEEA700BAECC1 /* libs */ = {
			isa = PBXGroup;
			children = (
				DDF2AEAE0E7FEEA700BAECC1 /* opencv */,
			);
			path = libs;
			sourceTree = "<group>";
		};
		DDF2AEAE0E7FEEA700BAECC1 /* opencv */ = {
			isa = PBXGroup;
			children = (
				DDF2AEB30E7FEEA700BAECC1 /* include */,
				DDF2AEC30E7FEEA700BAECC1 /* lib */,
			);
			path = opencv;
			sourceTree = "<group>";
		};
		DDF2AEB30E7FEEA700BAECC1 /* include */ = {
			isa = PBXGroup;
			children = (
				DDF2AEB40E7FEEA700BAECC1 /* cv.h */,
				DDF2AEB50E7FEEA700BAECC1 /* cv.hpp */,
				DDF2AEB60E7FEEA700BAECC1 /* cvaux.h */,
				DDF2AEB70E7FEEA700BAECC1 /* cvaux.hpp */,
				DDF2AEB80E7FEEA700BAECC1 /* cvcompat.h */,
				DDF2AEB90E7FEEA700BAECC1 /* cvmat.hpp */,
				DDF2AEBA0E7FEEA700BAECC1 /* cvstreams.h */,
				DDF2AEBB0E7FEEA700BAECC1 /* cvtypes.h */,
				DDF2AEBC0E7FEEA700BAECC1 /* cvver.h */,
				DDF2AEBD0E7FEEA700BAECC1 /* cvvidsurv.hpp */,
				DDF2AEBE0E7FEEA700BAECC1 /* cxcore.h */,
				DDF2AEBF0E7FEEA700BAECC1 /* cxcore.hpp */,
				DDF2AEC00E7FEEA700BAECC1 /* cxerror.h */,
				DDF2AEC10E7FEEA700BAECC1 /* cxmisc.h */,
				DDF2AEC20E7FEEA700BAECC1 /* cxtypes.h */,
			);
			path = include;
			sourceTree = "<group>";
		};
		DDF2AEC30E7FEEA700BAECC1 /* lib */ = {
			isa = PBXGroup;
			children = (
				DDF2AEC50E7FEEA700BAECC1 /* osx */,
			);
			path = lib;
			sourceTree = "<group>";
		};
		DDF2AEC50E7FEEA700BAECC1 /* osx */ = {
			isa = PBXGroup;
			children = (
				DDF2AEC60E7FEEA700BAECC1 /* libOpenCV.a */,
			);
			path = osx;
			sourceTree = "<group>";
		};
		DDF2AECB0E7FEEA700BAECC1 /* src */ = {
			isa = PBXGroup;
			children = (
				DDF2AECC0E7FEEA700BAECC1 /* ofxCvBlob.h */,
				DDF2AECD0E7FEEA700BAECC1 /* ofxCvColorImage.cpp */,
				DDF2AECE0E7FEEA700BAECC1 /* ofxCvColorImage.h */,
				DDF2AECF0E7FEEA700BAECC1 /* ofxCvConstants.h */,
				DDF2AED00E7FEEA700BAECC1 /* ofxCvContourFinder.cpp */,
				DDF2AED10E7FEEA700BAECC1 /* ofxCvContourFinder.h */,
				DDF2AED20E7FEEA700BAECC1 /* ofxCvFloatImage.cpp */,
				DDF2AED30E7FEEA700BAECC1 /* ofxCvFloatImage.h */,
				DDF2AED40E7FEEA700BAECC1 /* ofxCvGrayscaleImage.cpp */,
				DDF2AED50E7FEEA700BAECC1 /* ofxCvGrayscaleImage.h */,
				DDF2AED60E7FEEA700BAECC1 /* ofxCvImage.cpp */,
				DDF2AED70E7FEEA700BAECC1 /* ofxCvImage.h */,
				DDF2AED80E7FEEA700BAECC1 /* ofxCvMain.h */,
			);
			path = src;
			sourceTree = "<group>";
		};
		E411BE010CFA279F007A1F4A /* addons */ = {
			isa = PBXGroup;
			children = (
				DDE6AC390E82A96500556737 /* ofxOsc */,
				DD76CF660E8117150070720F /* ofxThread */,
				DDF2AEA30E7FEEA700BAECC1 /* ofxOpenCv */,
				DDA3EFC80E6F139900A1B55C /* ofxDirList */,
				DDA3EF890E6F133900A1B55C /* ofxGui */,
				E411BE020CFA279F007A1F4A /* ofAddons.h */,
				DD81A5050E601A8A006963E2 /* ofxVectorMath */,
				DDE240440E544FAC00E3617F /* ofxXmlSettings */,
			);
			name = addons;
			path = ../../../addons;
			sourceTree = SOURCE_ROOT;
		};
		E43121830C7DEC2700E7BC7C /* openFrameworks */ = {
			isa = PBXGroup;
			children = (
				E43121950C7DEC2700E7BC7C /* ofMain.h */,
				E43121840C7DEC2700E7BC7C /* app */,
				E43121890C7DEC2700E7BC7C /* communication */,
				E431218C0C7DEC2700E7BC7C /* graphics */,
				E43121960C7DEC2700E7BC7C /* sound */,
				E431219B0C7DEC2700E7BC7C /* utils */,
				E43121A10C7DEC2700E7BC7C /* video */,
			);
			name = openFrameworks;
			path = ../../../libs/openFrameworks;
			sourceTree = SOURCE_ROOT;
		};
		E43121840C7DEC2700E7BC7C /* app */ = {
			isa = PBXGroup;
			children = (
				E43121850C7DEC2700E7BC7C /* ofAppGlutGlue.h */,
				E43121860C7DEC2700E7BC7C /* ofAppRunner.cpp */,
				E43121870C7DEC2700E7BC7C /* ofAppRunner.h */,
				E43121880C7DEC2700E7BC7C /* ofSimpleApp.h */,
			);
			name = app;
			path = ../../../libs/openFrameworks/app;
			sourceTree = SOURCE_ROOT;
		};
		E43121890C7DEC2700E7BC7C /* communication */ = {
			isa = PBXGroup;
			children = (
				E431218A0C7DEC2700E7BC7C /* ofSerial.cpp */,
				E431218B0C7DEC2700E7BC7C /* ofSerial.h */,
			);
			name = communication;
			path = ../../../libs/openFrameworks/communication;
			sourceTree = SOURCE_ROOT;
		};
		E431218C0C7DEC2700E7BC7C /* graphics */ = {
			isa = PBXGroup;
			children = (
				E431218D0C7DEC2700E7BC7C /* ofGraphics.cpp */,
				E431218E0C7DEC2700E7BC7C /* ofGraphics.h */,
				E431218F0C7DEC2700E7BC7C /* ofImage.cpp */,
				E43121900C7DEC2700E7BC7C /* ofImage.h */,
				E43121910C7DEC2700E7BC7C /* ofTexture.cpp */,
				E43121920C7DEC2700E7BC7C /* ofTexture.h */,
				E43121930C7DEC2700E7BC7C /* ofTrueTypeFont.cpp */,
				E43121940C7DEC2700E7BC7C /* ofTrueTypefont.h */,
			);
			name = graphics;
			path = ../../../libs/openFrameworks/graphics;
			sourceTree = SOURCE_ROOT;
		};
		E43121960C7DEC2700E7BC7C /* sound */ = {
			isa = PBXGroup;
			children = (
				E43121970C7DEC2700E7BC7C /* ofSoundPlayer.cpp */,
				E43121980C7DEC2700E7BC7C /* ofSoundPlayer.h */,
				E43121990C7DEC2700E7BC7C /* ofSoundStream.cpp */,
				E431219A0C7DEC2700E7BC7C /* ofSoundStream.h */,
			);
			name = sound;
			path = ../../../libs/openFrameworks/sound;
			sourceTree = SOURCE_ROOT;
		};
		E431219B0C7DEC2700E7BC7C /* utils */ = {
			isa = PBXGroup;
			children = (
				E431219C0C7DEC2700E7BC7C /* ofConstants.h */,
				E431219D0C7DEC2700E7BC7C /* ofMath.cpp */,
				E431219E0C7DEC2700E7BC7C /* ofMath.h */,
				E431219F0C7DEC2700E7BC7C /* ofUtils.cpp */,
				E43121A00C7DEC2700E7BC7C /* ofUtils.h */,
			);
			name = utils;
			path = ../../../libs/openFrameworks/utils;
			sourceTree = SOURCE_ROOT;
		};
		E43121A10C7DEC2700E7BC7C /* video */ = {
			isa = PBXGroup;
			children = (
				E43121A20C7DEC2700E7BC7C /* ofQtUtils.cpp */,
				E43121A30C7DEC2700E7BC7C /* ofQtUtils.h */,
				E43121A40C7DEC2700E7BC7C /* ofVideoGrabber.cpp */,
				E43121A50C7DEC2700E7BC7C /* ofVideoGrabber.h */,
				E43121A60C7DEC2700E7BC7C /* ofVideoPlayer.cpp */,
				E43121A70C7DEC2700E7BC7C /* ofVideoPlayer.h */,
			);
			name = video;
			path = ../../../libs/openFrameworks/video;
			sourceTree = SOURCE_ROOT;
		};
		E4B69B4A0A3A1720003C02F2 = {
			isa = PBXGroup;
			children = (
				E4B69E1C0A3A1BDC003C02F2 /* src */,
				E4B69E160A3A1A8B003C02F2 /* libs */,
				F5C26FB40D9AF9EC00D485F4 /* plist */,
				E4B69B5C0A3A1756003C02F2 /* Products */,
			);
			sourceTree = "<group>";
		};
		E4B69B5C0A3A1756003C02F2 /* Products */ = {
			isa = PBXGroup;
			children = (
			);
			name = Products;
			sourceTree = "<group>";
		};
		E4B69E160A3A1A8B003C02F2 /* libs */ = {
			isa = PBXGroup;
			children = (
				E43121830C7DEC2700E7BC7C /* openFrameworks */,
				E411BE010CFA279F007A1F4A /* addons */,
			);
			name = libs;
			sourceTree = "<group>";
		};
		E4B69E1C0A3A1BDC003C02F2 /* src */ = {
			isa = PBXGroup;
			children = (
				7F4F735C0E82A62200B8EEF4 /* imageStore.h */,
				7F4F735D0E82A62200B8EEF4 /* imageStore.cpp */,
				DDE6AA280E825B2D00556737 /* marker.h */,
				DDE6AA290E825B2D00556737 /* marker.cpp */,
				DD76CF820E8118690070720F /* threadedObject.h */,
				7F1DB2C60E80608B00CF6336 /* coordWarping.cpp */,
				7F1DB2C70E80608C00CF6336 /* coordWarping.h */,
				DDF2AEEB0E7FEEE600BAECC1 /* tracker.cpp */,
				DDF2AEEC0E7FEEE600BAECC1 /* tracker.h */,
				DDE240310E544EB000E3617F /* camera.h */,
				DD72798B0E533A190001CE9B /* PTP.h */,
				E4B69E1D0A3A1BDC003C02F2 /* main.cpp */,
				E4B69E1E0A3A1BDC003C02F2 /* testApp.cpp */,
				E4B69E1F0A3A1BDC003C02F2 /* testApp.h */,
				DD81A5020E60195C006963E2 /* grid.h */,
				DD81A5030E60195C006963E2 /* grid.cpp */,
				7F1DB1D90E803EDC00CF6336 /* videoCamera.h */,
				7F1DB1DE0E80430100CF6336 /* videoCamera.cpp */,
				7F4F74810E82E94E00B8EEF4 /* gPhotoCam.h */,
				7F4F74820E82E94E00B8EEF4 /* gPhotoCam.cpp */,
			);
			path = src;
			sourceTree = SOURCE_ROOT;
		};
		F5C26FB40D9AF9EC00D485F4 /* plist */ = {
			isa = PBXGroup;
			children = (
				E4B6FCAD0C3E899E008CF71C /* openFrameworks-Info.plist */,
			);
			name = plist;
			path = src;
			sourceTree = "<group>";
		};
/* End PBXGroup section */

/* Begin PBXNativeTarget section */
		E4B69B5A0A3A1756003C02F2 /* openFrameworks */ = {
			isa = PBXNativeTarget;
			buildConfigurationList = E4B69B5F0A3A1757003C02F2 /* Build configuration list for PBXNativeTarget "openFrameworks" */;
			buildPhases = (
				E4B69B570A3A1756003C02F2 /* Resources */,
				E4B69B580A3A1756003C02F2 /* Sources */,
				E4B69B590A3A1756003C02F2 /* Frameworks */,
				E4B6FFFD0C3F9AB9008CF71C /* ShellScript */,
			);
			buildRules = (
			);
			dependencies = (
			);
			name = openFrameworks;
			productName = myOFApp;
			productReference = E4B69B5B0A3A1756003C02F2 /* openFrameworksDebug.app */;
			productType = "com.apple.product-type.application";
		};
/* End PBXNativeTarget section */

/* Begin PBXProject section */
		E4B69B4C0A3A1720003C02F2 /* Project object */ = {
			isa = PBXProject;
			buildConfigurationList = E4B69B4D0A3A1720003C02F2 /* Build configuration list for PBXProject "StopMotion2" */;
			compatibilityVersion = "Xcode 2.4";
			hasScannedForEncodings = 0;
			mainGroup = E4B69B4A0A3A1720003C02F2;
			productRefGroup = E4B69B5C0A3A1756003C02F2 /* Products */;
			projectDirPath = "";
			projectRoot = "";
			targets = (
				E4B69B5A0A3A1756003C02F2 /* openFrameworks */,
			);
		};
/* End PBXProject section */

/* Begin PBXResourcesBuildPhase section */
		E4B69B570A3A1756003C02F2 /* Resources */ = {
			isa = PBXResourcesBuildPhase;
			buildActionMask = 2147483647;
			files = (
				E4B6FCAE0C3E899E008CF71C /* openFrameworks-Info.plist in Resources */,
			);
			runOnlyForDeploymentPostprocessing = 0;
		};
/* End PBXResourcesBuildPhase section */

/* Begin PBXShellScriptBuildPhase section */
		E4B6FFFD0C3F9AB9008CF71C /* ShellScript */ = {
			isa = PBXShellScriptBuildPhase;
			buildActionMask = 2147483647;
			files = (
			);
			inputPaths = (
			);
			outputPaths = (
			);
			runOnlyForDeploymentPostprocessing = 0;
			shellPath = /bin/sh;
			shellScript = "cp -f ../../../libs/fmodex/lib/libfmodex.dylib \"$TARGET_BUILD_DIR/$PRODUCT_NAME.app/Contents/MacOS/libfmodex.dylib\"\ninstall_name_tool -change ./libfmodex.dylib @executable_path/libfmodex.dylib \"$TARGET_BUILD_DIR/$PRODUCT_NAME.app/Contents/MacOS/$PRODUCT_NAME\" ";
		};
/* End PBXShellScriptBuildPhase section */

/* Begin PBXSourcesBuildPhase section */
		E4B69B580A3A1756003C02F2 /* Sources */ = {
			isa = PBXSourcesBuildPhase;
			buildActionMask = 2147483647;
			files = (
				E4B69E200A3A1BDC003C02F2 /* main.cpp in Sources */,
				E4B69E210A3A1BDC003C02F2 /* testApp.cpp in Sources */,
				E43121A80C7DEC2700E7BC7C /* ofAppRunner.cpp in Sources */,
				E43121A90C7DEC2700E7BC7C /* ofSerial.cpp in Sources */,
				E43121AA0C7DEC2700E7BC7C /* ofGraphics.cpp in Sources */,
				E43121AB0C7DEC2700E7BC7C /* ofImage.cpp in Sources */,
				E43121AC0C7DEC2700E7BC7C /* ofTexture.cpp in Sources */,
				E43121AD0C7DEC2700E7BC7C /* ofTrueTypeFont.cpp in Sources */,
				E43121AE0C7DEC2700E7BC7C /* ofSoundPlayer.cpp in Sources */,
				E43121AF0C7DEC2700E7BC7C /* ofSoundStream.cpp in Sources */,
				E43121B00C7DEC2700E7BC7C /* ofMath.cpp in Sources */,
				E43121B10C7DEC2700E7BC7C /* ofUtils.cpp in Sources */,
				E43121B20C7DEC2700E7BC7C /* ofQtUtils.cpp in Sources */,
				E43121B30C7DEC2700E7BC7C /* ofVideoGrabber.cpp in Sources */,
				E43121B40C7DEC2700E7BC7C /* ofVideoPlayer.cpp in Sources */,
				DDE240550E544FAC00E3617F /* tinyxml.cpp in Sources */,
				DDE240560E544FAC00E3617F /* tinyxmlerror.cpp in Sources */,
				DDE240570E544FAC00E3617F /* tinyxmlparser.cpp in Sources */,
				DDE240580E544FAC00E3617F /* ofxXmlSettings.cpp in Sources */,
				DD81A5040E60195C006963E2 /* grid.cpp in Sources */,
				DDA3EFA90E6F133900A1B55C /* ofxGui.cpp in Sources */,
				DDA3EFAA0E6F133900A1B55C /* ofxGuiButton.cpp in Sources */,
				DDA3EFAB0E6F133900A1B55C /* ofxGuiColor.cpp in Sources */,
				DDA3EFAC0E6F133900A1B55C /* ofxGuiFiles.cpp in Sources */,
				DDA3EFAD0E6F133900A1B55C /* ofxGuiGlobals.cpp in Sources */,
				DDA3EFAE0E6F133900A1B55C /* ofxGuiKnob.cpp in Sources */,
				DDA3EFAF0E6F133900A1B55C /* ofxGuiMatrix.cpp in Sources */,
				DDA3EFB00E6F133900A1B55C /* ofxGuiObject.cpp in Sources */,
				DDA3EFB10E6F133900A1B55C /* ofxGuiPanel.cpp in Sources */,
				DDA3EFB20E6F133900A1B55C /* ofxGuiPoints.cpp in Sources */,
				DDA3EFB30E6F133900A1B55C /* ofxGuiRadar.cpp in Sources */,
				DDA3EFB40E6F133900A1B55C /* ofxGuiScope.cpp in Sources */,
				DDA3EFB50E6F133900A1B55C /* ofxGuiSlider.cpp in Sources */,
				DDA3EFB60E6F133900A1B55C /* ofxGuiSwitch.cpp in Sources */,
				DDA3EFB70E6F133900A1B55C /* ofxGuiXyPad.cpp in Sources */,
				DDA3EFD70E6F139900A1B55C /* ofxDirList.cpp in Sources */,
				DDA6478C0E79BB3C00ED6FC2 /* ofxGuiValue.cpp in Sources */,
				DDF2AEE50E7FEEA700BAECC1 /* ofxCvColorImage.cpp in Sources */,
				DDF2AEE60E7FEEA700BAECC1 /* ofxCvContourFinder.cpp in Sources */,
				DDF2AEE70E7FEEA700BAECC1 /* ofxCvFloatImage.cpp in Sources */,
				DDF2AEE80E7FEEA700BAECC1 /* ofxCvGrayscaleImage.cpp in Sources */,
				DDF2AEE90E7FEEA700BAECC1 /* ofxCvImage.cpp in Sources */,
				DDF2AEED0E7FEEE600BAECC1 /* tracker.cpp in Sources */,
				7F1DB1DF0E80430100CF6336 /* videoCamera.cpp in Sources */,
				7F1DB2C80E80608C00CF6336 /* coordWarping.cpp in Sources */,
				DD76CF760E8117150070720F /* ofxThread.cpp in Sources */,
				DDE6AA2A0E825B2D00556737 /* marker.cpp in Sources */,
				7F4F735E0E82A62200B8EEF4 /* imageStore.cpp in Sources */,
				DDE6AC6F0E82A96600556737 /* ofxOscMessage.cpp in Sources */,
				DDE6AC700E82A96600556737 /* ofxOscReceiver.cpp in Sources */,
				DDE6AC710E82A96600556737 /* ofxOscSender.cpp in Sources */,
				7F4F74830E82E94E00B8EEF4 /* gPhotoCam.cpp in Sources */,
			);
			runOnlyForDeploymentPostprocessing = 0;
		};
/* End PBXSourcesBuildPhase section */

/* Begin XCBuildConfiguration section */
		E4B69B4E0A3A1720003C02F2 /* Debug */ = {
			isa = XCBuildConfiguration;
			buildSettings = {
				ARCHS = "$(NATIVE_ARCH)";
				CONFIGURATION_BUILD_DIR = "$(SRCROOT)";
				COPY_PHASE_STRIP = NO;
				GCC_INLINES_ARE_PRIVATE_EXTERN = NO;
				GCC_SYMBOLS_PRIVATE_EXTERN = NO;
				GCC_WARN_ABOUT_DEPRECATED_FUNCTIONS = NO;
				GCC_WARN_ABOUT_INVALID_OFFSETOF_MACRO = NO;
				GCC_WARN_ALLOW_INCOMPLETE_PROTOCOL = NO;
				GCC_WARN_UNINITIALIZED_AUTOS = NO;
				GCC_WARN_UNUSED_VALUE = NO;
				GCC_WARN_UNUSED_VARIABLE = NO;
				HEADER_SEARCH_PATHS = (
					"/opt/local/include/**",
					../../../libs/fmodex/inc,
					"../../../libs/openFrameworks/**",
					"../../../libs/freeimage/include/**",
					"../../../libs/freetype/include/**",
					../../../libs/GLee/include,
					../../../libs/rtAudio/include,
				);
				LIBRARY_SEARCH_PATHS = "/opt/local/lib/**";
				OTHER_CPLUSPLUSFLAGS = (
					"-D__MACOSX_CORE__",
					"-lpthread",
					"-undefined",
					"dynamic_lookup\n",
				);
				OTHER_LDFLAGS = (
					../../../libs/freetype/lib/freetype.a,
					../../../libs/freeimage/lib/freeimage.a,
					../../../libs/fmodex/lib/libfmodex.dylib,
					../../../libs/GLee/lib/GLee.a,
					../../../libs/rtAudio/lib/rtAudio.a,
					"-framework",
					Carbon,
					"-framework",
					GLUT,
					"-framework",
					CoreFoundation,
					"-framework",
					OpenGL,
					"-framework",
					QuickTime,
					"-framework",
					ApplicationServices,
					"-framework",
					AudioToolbox,
					"-framework",
					CoreAudio,
					"-framework",
					CoreServices,
					"-framework",
					AGL,
				);
				PRELINK_LIBS = "";
				SDKROOT = /Developer/SDKs/MacOSX10.4u.sdk;
			};
			name = Debug;
		};
		E4B69B4F0A3A1720003C02F2 /* Release */ = {
			isa = XCBuildConfiguration;
			buildSettings = {
				ARCHS = (
					ppc,
					i386,
				);
				CONFIGURATION_BUILD_DIR = "$(SRCROOT)";
				COPY_PHASE_STRIP = YES;
				GCC_INLINES_ARE_PRIVATE_EXTERN = NO;
				GCC_SYMBOLS_PRIVATE_EXTERN = NO;
				GCC_WARN_ABOUT_DEPRECATED_FUNCTIONS = NO;
				GCC_WARN_ABOUT_INVALID_OFFSETOF_MACRO = NO;
				GCC_WARN_ALLOW_INCOMPLETE_PROTOCOL = NO;
				GCC_WARN_UNINITIALIZED_AUTOS = NO;
				GCC_WARN_UNUSED_VALUE = NO;
				GCC_WARN_UNUSED_VARIABLE = NO;
				HEADER_SEARCH_PATHS = (
					../../../libs/fmodex/inc,
					"../../../libs/openFrameworks/**",
					"../../../libs/freeimage/include/**",
					"../../../libs/freetype/include/**",
					../../../libs/GLee/include,
					../../../libs/rtAudio/include,
				);
				OTHER_CPLUSPLUSFLAGS = (
					"-D__MACOSX_CORE__",
					"-lpthread",
				);
				OTHER_LDFLAGS = (
					../../../libs/freetype/lib/freetype.a,
					../../../libs/freeimage/lib/freeimage.a,
					../../../libs/fmodex/lib/libfmodex.dylib,
					../../../libs/GLee/lib/GLee.a,
					../../../libs/rtAudio/lib/rtAudio.a,
					"-framework",
					Carbon,
					"-framework",
					GLUT,
					"-framework",
					CoreFoundation,
					"-framework",
					OpenGL,
					"-framework",
					QuickTime,
					"-framework",
					ApplicationServices,
					"-framework",
					AudioToolbox,
					"-framework",
					CoreAudio,
					"-framework",
					CoreServices,
					"-framework",
					AGL,
				);
				SDKROOT = /Developer/SDKs/MacOSX10.4u.sdk;
			};
			name = Release;
		};
		E4B69B600A3A1757003C02F2 /* Debug */ = {
			isa = XCBuildConfiguration;
			buildSettings = {
				COPY_PHASE_STRIP = NO;
				GCC_DYNAMIC_NO_PIC = NO;
				GCC_ENABLE_FIX_AND_CONTINUE = YES;
				GCC_GENERATE_DEBUGGING_SYMBOLS = YES;
				GCC_MODEL_TUNING = G4;
				GCC_OPTIMIZATION_LEVEL = 0;
				GCC_PRECOMPILE_PREFIX_HEADER = YES;
				GCC_PREFIX_HEADER = "$(SYSTEM_LIBRARY_DIR)/Frameworks/Carbon.framework/Headers/Carbon.h";
				INFOPLIST_FILE = "openFrameworks-Info.plist";
				INSTALL_PATH = "$(HOME)/Applications";
				LIBRARY_SEARCH_PATHS = (
					"$(inherited)",
					"$(LIBRARY_SEARCH_PATHS_QUOTED_FOR_TARGET_1)",
					"$(LIBRARY_SEARCH_PATHS_QUOTED_FOR_TARGET_2)",
					"$(LIBRARY_SEARCH_PATHS_QUOTED_FOR_TARGET_3)",
					"$(LIBRARY_SEARCH_PATHS_QUOTED_FOR_TARGET_4)",
					"$(LIBRARY_SEARCH_PATHS_QUOTED_FOR_TARGET_5)",
					"$(LIBRARY_SEARCH_PATHS_QUOTED_FOR_TARGET_6)",
				);
				LIBRARY_SEARCH_PATHS_QUOTED_FOR_TARGET_1 = "\"$(SRCROOT)/../../../addons/ofxOpenCv/libs/opencv/lib/osx\"";
				LIBRARY_SEARCH_PATHS_QUOTED_FOR_TARGET_2 = "\"$(SRCROOT)/../../../addons/ofxOpenCv/libs/opencv/lib/win32\"";
				LIBRARY_SEARCH_PATHS_QUOTED_FOR_TARGET_3 = "\"$(SRCROOT)/../../../addons/ofxOpenCv/libs/opencv/lib/osx\"";
				LIBRARY_SEARCH_PATHS_QUOTED_FOR_TARGET_4 = "\"$(SRCROOT)/../../../addons/ofxOpenCv/libs/opencv/lib/win32\"";
				LIBRARY_SEARCH_PATHS_QUOTED_FOR_TARGET_5 = "\"$(SRCROOT)/../../../addons/ofxOsc/libs/oscpack/lib/osx\"";
				LIBRARY_SEARCH_PATHS_QUOTED_FOR_TARGET_6 = "\"$(SRCROOT)/../../../addons/ofxOsc/libs/oscpack/lib/win32\"";
				PREBINDING = NO;
				PRODUCT_NAME = openFrameworksDebug;
				WRAPPER_EXTENSION = app;
				ZERO_LINK = NO;
			};
			name = Debug;
		};
		E4B69B610A3A1757003C02F2 /* Release */ = {
			isa = XCBuildConfiguration;
			buildSettings = {
				COPY_PHASE_STRIP = YES;
				GCC_ENABLE_FIX_AND_CONTINUE = NO;
				GCC_GENERATE_DEBUGGING_SYMBOLS = NO;
				GCC_MODEL_TUNING = G4;
				GCC_PRECOMPILE_PREFIX_HEADER = YES;
				GCC_PREFIX_HEADER = "$(SYSTEM_LIBRARY_DIR)/Frameworks/Carbon.framework/Headers/Carbon.h";
				INFOPLIST_FILE = "openFrameworks-Info.plist";
				INSTALL_PATH = "$(HOME)/Applications";
				LIBRARY_SEARCH_PATHS = (
					"$(inherited)",
					"$(LIBRARY_SEARCH_PATHS_QUOTED_FOR_TARGET_1)",
					"$(LIBRARY_SEARCH_PATHS_QUOTED_FOR_TARGET_2)",
					"$(LIBRARY_SEARCH_PATHS_QUOTED_FOR_TARGET_3)",
					"$(LIBRARY_SEARCH_PATHS_QUOTED_FOR_TARGET_4)",
					"$(LIBRARY_SEARCH_PATHS_QUOTED_FOR_TARGET_5)",
					"$(LIBRARY_SEARCH_PATHS_QUOTED_FOR_TARGET_6)",
				);
				LIBRARY_SEARCH_PATHS_QUOTED_FOR_TARGET_1 = "\"$(SRCROOT)/../../../addons/ofxOpenCv/libs/opencv/lib/osx\"";
				LIBRARY_SEARCH_PATHS_QUOTED_FOR_TARGET_2 = "\"$(SRCROOT)/../../../addons/ofxOpenCv/libs/opencv/lib/win32\"";
				LIBRARY_SEARCH_PATHS_QUOTED_FOR_TARGET_3 = "\"$(SRCROOT)/../../../addons/ofxOpenCv/libs/opencv/lib/osx\"";
				LIBRARY_SEARCH_PATHS_QUOTED_FOR_TARGET_4 = "\"$(SRCROOT)/../../../addons/ofxOpenCv/libs/opencv/lib/win32\"";
				LIBRARY_SEARCH_PATHS_QUOTED_FOR_TARGET_5 = "\"$(SRCROOT)/../../../addons/ofxOsc/libs/oscpack/lib/osx\"";
				LIBRARY_SEARCH_PATHS_QUOTED_FOR_TARGET_6 = "\"$(SRCROOT)/../../../addons/ofxOsc/libs/oscpack/lib/win32\"";
				PREBINDING = NO;
				PRODUCT_NAME = openFrameworks;
				WRAPPER_EXTENSION = app;
				ZERO_LINK = NO;
			};
			name = Release;
		};
/* End XCBuildConfiguration section */

/* Begin XCConfigurationList section */
		E4B69B4D0A3A1720003C02F2 /* Build configuration list for PBXProject "StopMotion2" */ = {
			isa = XCConfigurationList;
			buildConfigurations = (
				E4B69B4E0A3A1720003C02F2 /* Debug */,
				E4B69B4F0A3A1720003C02F2 /* Release */,
			);
			defaultConfigurationIsVisible = 0;
			defaultConfigurationName = Release;
		};
		E4B69B5F0A3A1757003C02F2 /* Build configuration list for PBXNativeTarget "openFrameworks" */ = {
			isa = XCConfigurationList;
			buildConfigurations = (
				E4B69B600A3A1757003C02F2 /* Debug */,
				E4B69B610A3A1757003C02F2 /* Release */,
			);
			defaultConfigurationIsVisible = 0;
			defaultConfigurationName = Release;
		};
/* End XCConfigurationList section */
	};
	rootObject = E4B69B4C0A3A1720003C02F2 /* Project object */;
}
